
Microsoft Visual Studio Solution File, Format Version 12.00
# Visual Studio Version 17
VisualStudioVersion = 17.0.31903.59
MinimumVisualStudioVersion = 10.0.40219.1
Project("{FAE04EC0-301F-11D3-BF4B-00C04F79EFBC}") = "NilaVerse", "NilaVerse\NilaVerse.csproj", "{F7836127-159F-4568-8141-DC354BB5E3B6}"
EndProject
Global
	GlobalSection(SolutionConfigurationPlatforms) = preSolution
		Debug|Any CPU = Debug|Any CPU
		Release|Any CPU = Release|Any CPU
	EndGlobalSection
	GlobalSection(ProjectConfigurationPlatforms) = postSolution
		{F7836127-159F-4568-8141-DC354BB5E3B6}.Debug|Any CPU.ActiveCfg = Debug|Any CPU
		{F7836127-159F-4568-8141-DC354BB5E3B6}.Debug|Any CPU.Build.0 = Debug|Any CPU
		{F7836127-159F-4568-8141-DC354BB5E3B6}.Release|Any CPU.ActiveCfg = Release|Any CPU
		{F7836127-159F-4568-8141-DC354BB5E3B6}.Release|Any CPU.Build.0 = Release|Any CPU
	EndGlobalSection
	GlobalSection(SolutionProperties) = preSolution
		HideSolutionNode = FALSE
	EndGlobalSection
	GlobalSection(ExtensibilityGlobals) = postSolution
		SolutionGuid = {D370FFF8-40D7-47B0-9D38-FDFB0B34F93E}
	EndGlobalSection
EndGlobal
