
Microsoft Visual Studio Solution File, Format Version 12.00
# Visual Studio Version 17
VisualStudioVersion = 17.10.35027.167
MinimumVisualStudioVersion = 10.0.40219.1
Project("{FAE04EC0-301F-11D3-BF4B-00C04F79EFBC}") = "Linq", "Linq\Linq.csproj", "{A1E23205-5B21-49C8-953E-14BF117C3AE1}"
EndProject
Global
	GlobalSection(SolutionConfigurationPlatforms) = preSolution
		Debug|Any CPU = Debug|Any CPU
		Release|Any CPU = Release|Any CPU
	EndGlobalSection
	GlobalSection(ProjectConfigurationPlatforms) = postSolution
		{A1E23205-5B21-49C8-953E-14BF117C3AE1}.Debug|Any CPU.ActiveCfg = Debug|Any CPU
		{A1E23205-5B21-49C8-953E-14BF117C3AE1}.Debug|Any CPU.Build.0 = Debug|Any CPU
		{A1E23205-5B21-49C8-953E-14BF117C3AE1}.Release|Any CPU.ActiveCfg = Release|Any CPU
		{A1E23205-5B21-49C8-953E-14BF117C3AE1}.Release|Any CPU.Build.0 = Release|Any CPU
	EndGlobalSection
	GlobalSection(SolutionProperties) = preSolution
		HideSolutionNode = FALSE
	EndGlobalSection
	GlobalSection(ExtensibilityGlobals) = postSolution
		SolutionGuid = {1B7B5219-CFCE-45E9-A847-1F1731FFEE22}
	EndGlobalSection
EndGlobal
