
Microsoft Visual Studio Solution File, Format Version 12.00
# Visual Studio Version 17
VisualStudioVersion = 17.10.35027.167
MinimumVisualStudioVersion = 10.0.40219.1
Project("{FAE04EC0-301F-11D3-BF4B-00C04F79EFBC}") = "Area", "Area\Area.csproj", "{C8A06169-AEFF-43F1-891E-FE2D47F4EAD1}"
EndProject
Global
	GlobalSection(SolutionConfigurationPlatforms) = preSolution
		Debug|Any CPU = Debug|Any CPU
		Release|Any CPU = Release|Any CPU
	EndGlobalSection
	GlobalSection(ProjectConfigurationPlatforms) = postSolution
		{C8A06169-AEFF-43F1-891E-FE2D47F4EAD1}.Debug|Any CPU.ActiveCfg = Debug|Any CPU
		{C8A06169-AEFF-43F1-891E-FE2D47F4EAD1}.Debug|Any CPU.Build.0 = Debug|Any CPU
		{C8A06169-AEFF-43F1-891E-FE2D47F4EAD1}.Release|Any CPU.ActiveCfg = Release|Any CPU
		{C8A06169-AEFF-43F1-891E-FE2D47F4EAD1}.Release|Any CPU.Build.0 = Release|Any CPU
	EndGlobalSection
	GlobalSection(SolutionProperties) = preSolution
		HideSolutionNode = FALSE
	EndGlobalSection
	GlobalSection(ExtensibilityGlobals) = postSolution
		SolutionGuid = {6F176141-FA0B-4FE8-AEB1-0E56765733BC}
	EndGlobalSection
EndGlobal
